
Microsoft Visual Studio Solution File, Format Version 12.00
# Visual Studio Version 17
VisualStudioVersion = 17.7.34221.43
MinimumVisualStudioVersion = 10.0.40219.1
Project("{9A19103F-16F7-4668-BE54-9A1E7A4F7556}") = "Fuchonet.FuchonetAPI", "FuchonetAPI\Fuchonet.FuchonetAPI.csproj", "{2302B8C2-AB61-4485-A206-FB4ABCD6809D}"
EndProject
Project("{2150E333-8FDC-42A3-9474-1A3956D46DE8}") = "Dominio", "Dominio", "{07D86480-6DBB-404F-B6DA-8AD1F8AF34B4}"
EndProject
Project("{2150E333-8FDC-42A3-9474-1A3956D46DE8}") = "DataAccess", "DataAccess", "{60589DB1-A1C1-4EF2-B2EE-6F226C3E5B32}"
EndProject
Project("{2150E333-8FDC-42A3-9474-1A3956D46DE8}") = "Bussiness", "Bussiness", "{3F4A4CC4-BC86-41BE-A4BF-BD68269B09F2}"
EndProject
Project("{9A19103F-16F7-4668-BE54-9A1E7A4F7556}") = "Fuchonet.Repositories", "Repositories\Fuchonet.Repositories.csproj", "{84748FC6-F84D-49C8-81A4-C385DF63AEAF}"
	ProjectSection(ProjectDependencies) = postProject
		{0077879D-C53F-44B7-8135-7967630F28BF} = {0077879D-C53F-44B7-8135-7967630F28BF}
		{9DCBF03A-B0AD-4C98-B5C6-C720FFF0AA03} = {9DCBF03A-B0AD-4C98-B5C6-C720FFF0AA03}
	EndProjectSection
EndProject
Project("{2150E333-8FDC-42A3-9474-1A3956D46DE8}") = "SolutionItems", "SolutionItems", "{3D562022-5D15-47D6-A50B-383ACC1F45FA}"
EndProject
Project("{9A19103F-16F7-4668-BE54-9A1E7A4F7556}") = "Fuchonet.Persistence", "Persistence\Fuchonet.Persistence.csproj", "{9DCBF03A-B0AD-4C98-B5C6-C720FFF0AA03}"
EndProject
Project("{9A19103F-16F7-4668-BE54-9A1E7A4F7556}") = "Fuchonet.Dto", "Dto\Fuchonet.Dto.csproj", "{CE56FC36-F6F9-4A69-9EDB-46131E63B88E}"
EndProject
Project("{9A19103F-16F7-4668-BE54-9A1E7A4F7556}") = "Fuchonet.Entities", "Entities\Fuchonet.Entities.csproj", "{0077879D-C53F-44B7-8135-7967630F28BF}"
EndProject
Project("{9A19103F-16F7-4668-BE54-9A1E7A4F7556}") = "Fuchonet.Services", "Services\Fuchonet.Services.csproj", "{CA196FD1-F834-419D-A5C4-DCC796E19465}"
EndProject
Project("{FAE04EC0-301F-11D3-BF4B-00C04F79EFBC}") = "Fuchonet.Mappers", "Mappers\Fuchonet.Mappers.csproj", "{54596C4C-06DA-40C0-802D-020B9CB524B3}"
EndProject
Global
	GlobalSection(SolutionConfigurationPlatforms) = preSolution
		Debug|Any CPU = Debug|Any CPU
		Release|Any CPU = Release|Any CPU
	EndGlobalSection
	GlobalSection(ProjectConfigurationPlatforms) = postSolution
		{2302B8C2-AB61-4485-A206-FB4ABCD6809D}.Debug|Any CPU.ActiveCfg = Debug|Any CPU
		{2302B8C2-AB61-4485-A206-FB4ABCD6809D}.Debug|Any CPU.Build.0 = Debug|Any CPU
		{2302B8C2-AB61-4485-A206-FB4ABCD6809D}.Release|Any CPU.ActiveCfg = Release|Any CPU
		{2302B8C2-AB61-4485-A206-FB4ABCD6809D}.Release|Any CPU.Build.0 = Release|Any CPU
		{84748FC6-F84D-49C8-81A4-C385DF63AEAF}.Debug|Any CPU.ActiveCfg = Debug|Any CPU
		{84748FC6-F84D-49C8-81A4-C385DF63AEAF}.Debug|Any CPU.Build.0 = Debug|Any CPU
		{84748FC6-F84D-49C8-81A4-C385DF63AEAF}.Release|Any CPU.ActiveCfg = Release|Any CPU
		{84748FC6-F84D-49C8-81A4-C385DF63AEAF}.Release|Any CPU.Build.0 = Release|Any CPU
		{9DCBF03A-B0AD-4C98-B5C6-C720FFF0AA03}.Debug|Any CPU.ActiveCfg = Debug|Any CPU
		{9DCBF03A-B0AD-4C98-B5C6-C720FFF0AA03}.Debug|Any CPU.Build.0 = Debug|Any CPU
		{9DCBF03A-B0AD-4C98-B5C6-C720FFF0AA03}.Release|Any CPU.ActiveCfg = Release|Any CPU
		{9DCBF03A-B0AD-4C98-B5C6-C720FFF0AA03}.Release|Any CPU.Build.0 = Release|Any CPU
		{CE56FC36-F6F9-4A69-9EDB-46131E63B88E}.Debug|Any CPU.ActiveCfg = Debug|Any CPU
		{CE56FC36-F6F9-4A69-9EDB-46131E63B88E}.Debug|Any CPU.Build.0 = Debug|Any CPU
		{CE56FC36-F6F9-4A69-9EDB-46131E63B88E}.Release|Any CPU.ActiveCfg = Release|Any CPU
		{CE56FC36-F6F9-4A69-9EDB-46131E63B88E}.Release|Any CPU.Build.0 = Release|Any CPU
		{0077879D-C53F-44B7-8135-7967630F28BF}.Debug|Any CPU.ActiveCfg = Debug|Any CPU
		{0077879D-C53F-44B7-8135-7967630F28BF}.Debug|Any CPU.Build.0 = Debug|Any CPU
		{0077879D-C53F-44B7-8135-7967630F28BF}.Release|Any CPU.ActiveCfg = Release|Any CPU
		{0077879D-C53F-44B7-8135-7967630F28BF}.Release|Any CPU.Build.0 = Release|Any CPU
		{CA196FD1-F834-419D-A5C4-DCC796E19465}.Debug|Any CPU.ActiveCfg = Debug|Any CPU
		{CA196FD1-F834-419D-A5C4-DCC796E19465}.Debug|Any CPU.Build.0 = Debug|Any CPU
		{CA196FD1-F834-419D-A5C4-DCC796E19465}.Release|Any CPU.ActiveCfg = Release|Any CPU
		{CA196FD1-F834-419D-A5C4-DCC796E19465}.Release|Any CPU.Build.0 = Release|Any CPU
		{54596C4C-06DA-40C0-802D-020B9CB524B3}.Debug|Any CPU.ActiveCfg = Debug|Any CPU
		{54596C4C-06DA-40C0-802D-020B9CB524B3}.Debug|Any CPU.Build.0 = Debug|Any CPU
		{54596C4C-06DA-40C0-802D-020B9CB524B3}.Release|Any CPU.ActiveCfg = Release|Any CPU
		{54596C4C-06DA-40C0-802D-020B9CB524B3}.Release|Any CPU.Build.0 = Release|Any CPU
	EndGlobalSection
	GlobalSection(SolutionProperties) = preSolution
		HideSolutionNode = FALSE
	EndGlobalSection
	GlobalSection(NestedProjects) = preSolution
		{84748FC6-F84D-49C8-81A4-C385DF63AEAF} = {60589DB1-A1C1-4EF2-B2EE-6F226C3E5B32}
		{9DCBF03A-B0AD-4C98-B5C6-C720FFF0AA03} = {60589DB1-A1C1-4EF2-B2EE-6F226C3E5B32}
		{CE56FC36-F6F9-4A69-9EDB-46131E63B88E} = {3F4A4CC4-BC86-41BE-A4BF-BD68269B09F2}
		{0077879D-C53F-44B7-8135-7967630F28BF} = {07D86480-6DBB-404F-B6DA-8AD1F8AF34B4}
		{CA196FD1-F834-419D-A5C4-DCC796E19465} = {3F4A4CC4-BC86-41BE-A4BF-BD68269B09F2}
		{54596C4C-06DA-40C0-802D-020B9CB524B3} = {3F4A4CC4-BC86-41BE-A4BF-BD68269B09F2}
	EndGlobalSection
	GlobalSection(ExtensibilityGlobals) = postSolution
		SolutionGuid = {AD471199-B4F6-431C-BD09-0858D5BD1BEF}
	EndGlobalSection
EndGlobal
